
Microsoft Visual Studio Solution File, Format Version 12.00
# Visual Studio 15
VisualStudioVersion = 15.0.27703.2042
MinimumVisualStudioVersion = 10.0.40219.1
Project("{FAE04EC0-301F-11D3-BF4B-00C04F79EFBC}") = "ProyectoXam.Android", "ProyectoXam\ProyectoXam.Android\ProyectoXam.Android.csproj", "{EB10A9D6-C046-453D-A455-FE6B19CA4C70}"
EndProject
Project("{FAE04EC0-301F-11D3-BF4B-00C04F79EFBC}") = "ProyectoXam.iOS", "ProyectoXam\ProyectoXam.iOS\ProyectoXam.iOS.csproj", "{A735B9C5-C043-4A99-A368-FD25208E4289}"
EndProject
Project("{FAE04EC0-301F-11D3-BF4B-00C04F79EFBC}") = "ProyectoXam", "ProyectoXam\ProyectoXam\ProyectoXam.csproj", "{794D3599-F399-44C1-99CA-196FA59A2E7C}"
EndProject
Global
	GlobalSection(SolutionConfigurationPlatforms) = preSolution
		Ad-Hoc|Any CPU = Ad-Hoc|Any CPU
		Ad-Hoc|iPhone = Ad-Hoc|iPhone
		Ad-Hoc|iPhoneSimulator = Ad-Hoc|iPhoneSimulator
		AppStore|Any CPU = AppStore|Any CPU
		AppStore|iPhone = AppStore|iPhone
		AppStore|iPhoneSimulator = AppStore|iPhoneSimulator
		Debug|Any CPU = Debug|Any CPU
		Debug|iPhone = Debug|iPhone
		Debug|iPhoneSimulator = Debug|iPhoneSimulator
		Release|Any CPU = Release|Any CPU
		Release|iPhone = Release|iPhone
		Release|iPhoneSimulator = Release|iPhoneSimulator
	EndGlobalSection
	GlobalSection(ProjectConfigurationPlatforms) = postSolution
		{EB10A9D6-C046-453D-A455-FE6B19CA4C70}.Ad-Hoc|Any CPU.ActiveCfg = Release|Any CPU
		{EB10A9D6-C046-453D-A455-FE6B19CA4C70}.Ad-Hoc|Any CPU.Build.0 = Release|Any CPU
		{EB10A9D6-C046-453D-A455-FE6B19CA4C70}.Ad-Hoc|Any CPU.Deploy.0 = Release|Any CPU
		{EB10A9D6-C046-453D-A455-FE6B19CA4C70}.Ad-Hoc|iPhone.ActiveCfg = Release|Any CPU
		{EB10A9D6-C046-453D-A455-FE6B19CA4C70}.Ad-Hoc|iPhone.Build.0 = Release|Any CPU
		{EB10A9D6-C046-453D-A455-FE6B19CA4C70}.Ad-Hoc|iPhone.Deploy.0 = Release|Any CPU
		{EB10A9D6-C046-453D-A455-FE6B19CA4C70}.Ad-Hoc|iPhoneSimulator.ActiveCfg = Release|Any CPU
		{EB10A9D6-C046-453D-A455-FE6B19CA4C70}.Ad-Hoc|iPhoneSimulator.Build.0 = Release|Any CPU
		{EB10A9D6-C046-453D-A455-FE6B19CA4C70}.Ad-Hoc|iPhoneSimulator.Deploy.0 = Release|Any CPU
		{EB10A9D6-C046-453D-A455-FE6B19CA4C70}.AppStore|Any CPU.ActiveCfg = Release|Any CPU
		{EB10A9D6-C046-453D-A455-FE6B19CA4C70}.AppStore|Any CPU.Build.0 = Release|Any CPU
		{EB10A9D6-C046-453D-A455-FE6B19CA4C70}.AppStore|Any CPU.Deploy.0 = Release|Any CPU
		{EB10A9D6-C046-453D-A455-FE6B19CA4C70}.AppStore|iPhone.ActiveCfg = Release|Any CPU
		{EB10A9D6-C046-453D-A455-FE6B19CA4C70}.AppStore|iPhone.Build.0 = Release|Any CPU
		{EB10A9D6-C046-453D-A455-FE6B19CA4C70}.AppStore|iPhone.Deploy.0 = Release|Any CPU
		{EB10A9D6-C046-453D-A455-FE6B19CA4C70}.AppStore|iPhoneSimulator.ActiveCfg = Release|Any CPU
		{EB10A9D6-C046-453D-A455-FE6B19CA4C70}.AppStore|iPhoneSimulator.Build.0 = Release|Any CPU
		{EB10A9D6-C046-453D-A455-FE6B19CA4C70}.AppStore|iPhoneSimulator.Deploy.0 = Release|Any CPU
		{EB10A9D6-C046-453D-A455-FE6B19CA4C70}.Debug|Any CPU.ActiveCfg = Debug|Any CPU
		{EB10A9D6-C046-453D-A455-FE6B19CA4C70}.Debug|Any CPU.Build.0 = Debug|Any CPU
		{EB10A9D6-C046-453D-A455-FE6B19CA4C70}.Debug|Any CPU.Deploy.0 = Debug|Any CPU
		{EB10A9D6-C046-453D-A455-FE6B19CA4C70}.Debug|iPhone.ActiveCfg = Debug|Any CPU
		{EB10A9D6-C046-453D-A455-FE6B19CA4C70}.Debug|iPhone.Build.0 = Debug|Any CPU
		{EB10A9D6-C046-453D-A455-FE6B19CA4C70}.Debug|iPhone.Deploy.0 = Debug|Any CPU
		{EB10A9D6-C046-453D-A455-FE6B19CA4C70}.Debug|iPhoneSimulator.ActiveCfg = Debug|Any CPU
		{EB10A9D6-C046-453D-A455-FE6B19CA4C70}.Debug|iPhoneSimulator.Build.0 = Debug|Any CPU
		{EB10A9D6-C046-453D-A455-FE6B19CA4C70}.Debug|iPhoneSimulator.Deploy.0 = Debug|Any CPU
		{EB10A9D6-C046-453D-A455-FE6B19CA4C70}.Release|Any CPU.ActiveCfg = Release|Any CPU
		{EB10A9D6-C046-453D-A455-FE6B19CA4C70}.Release|Any CPU.Build.0 = Release|Any CPU
		{EB10A9D6-C046-453D-A455-FE6B19CA4C70}.Release|Any CPU.Deploy.0 = Release|Any CPU
		{EB10A9D6-C046-453D-A455-FE6B19CA4C70}.Release|iPhone.ActiveCfg = Release|Any CPU
		{EB10A9D6-C046-453D-A455-FE6B19CA4C70}.Release|iPhone.Build.0 = Release|Any CPU
		{EB10A9D6-C046-453D-A455-FE6B19CA4C70}.Release|iPhone.Deploy.0 = Release|Any CPU
		{EB10A9D6-C046-453D-A455-FE6B19CA4C70}.Release|iPhoneSimulator.ActiveCfg = Release|Any CPU
		{EB10A9D6-C046-453D-A455-FE6B19CA4C70}.Release|iPhoneSimulator.Build.0 = Release|Any CPU
		{EB10A9D6-C046-453D-A455-FE6B19CA4C70}.Release|iPhoneSimulator.Deploy.0 = Release|Any CPU
		{A735B9C5-C043-4A99-A368-FD25208E4289}.Ad-Hoc|Any CPU.ActiveCfg = Ad-Hoc|iPhone
		{A735B9C5-C043-4A99-A368-FD25208E4289}.Ad-Hoc|Any CPU.Build.0 = Ad-Hoc|iPhone
		{A735B9C5-C043-4A99-A368-FD25208E4289}.Ad-Hoc|Any CPU.Deploy.0 = Ad-Hoc|iPhone
		{A735B9C5-C043-4A99-A368-FD25208E4289}.Ad-Hoc|iPhone.ActiveCfg = Ad-Hoc|iPhone
		{A735B9C5-C043-4A99-A368-FD25208E4289}.Ad-Hoc|iPhone.Build.0 = Ad-Hoc|iPhone
		{A735B9C5-C043-4A99-A368-FD25208E4289}.Ad-Hoc|iPhone.Deploy.0 = Ad-Hoc|iPhone
		{A735B9C5-C043-4A99-A368-FD25208E4289}.Ad-Hoc|iPhoneSimulator.ActiveCfg = Ad-Hoc|iPhoneSimulator
		{A735B9C5-C043-4A99-A368-FD25208E4289}.Ad-Hoc|iPhoneSimulator.Build.0 = Ad-Hoc|iPhoneSimulator
		{A735B9C5-C043-4A99-A368-FD25208E4289}.Ad-Hoc|iPhoneSimulator.Deploy.0 = Ad-Hoc|iPhoneSimulator
		{A735B9C5-C043-4A99-A368-FD25208E4289}.AppStore|Any CPU.ActiveCfg = AppStore|iPhone
		{A735B9C5-C043-4A99-A368-FD25208E4289}.AppStore|Any CPU.Build.0 = AppStore|iPhone
		{A735B9C5-C043-4A99-A368-FD25208E4289}.AppStore|Any CPU.Deploy.0 = AppStore|iPhone
		{A735B9C5-C043-4A99-A368-FD25208E4289}.AppStore|iPhone.ActiveCfg = AppStore|iPhone
		{A735B9C5-C043-4A99-A368-FD25208E4289}.AppStore|iPhone.Build.0 = AppStore|iPhone
		{A735B9C5-C043-4A99-A368-FD25208E4289}.AppStore|iPhone.Deploy.0 = AppStore|iPhone
		{A735B9C5-C043-4A99-A368-FD25208E4289}.AppStore|iPhoneSimulator.ActiveCfg = AppStore|iPhoneSimulator
		{A735B9C5-C043-4A99-A368-FD25208E4289}.AppStore|iPhoneSimulator.Build.0 = AppStore|iPhoneSimulator
		{A735B9C5-C043-4A99-A368-FD25208E4289}.AppStore|iPhoneSimulator.Deploy.0 = AppStore|iPhoneSimulator
		{A735B9C5-C043-4A99-A368-FD25208E4289}.Debug|Any CPU.ActiveCfg = Debug|iPhoneSimulator
		{A735B9C5-C043-4A99-A368-FD25208E4289}.Debug|Any CPU.Build.0 = Debug|iPhoneSimulator
		{A735B9C5-C043-4A99-A368-FD25208E4289}.Debug|Any CPU.Deploy.0 = Debug|iPhoneSimulator
		{A735B9C5-C043-4A99-A368-FD25208E4289}.Debug|iPhone.ActiveCfg = Debug|iPhone
		{A735B9C5-C043-4A99-A368-FD25208E4289}.Debug|iPhone.Build.0 = Debug|iPhone
		{A735B9C5-C043-4A99-A368-FD25208E4289}.Debug|iPhone.Deploy.0 = Debug|iPhone
		{A735B9C5-C043-4A99-A368-FD25208E4289}.Debug|iPhoneSimulator.ActiveCfg = Debug|iPhoneSimulator
		{A735B9C5-C043-4A99-A368-FD25208E4289}.Debug|iPhoneSimulator.Build.0 = Debug|iPhoneSimulator
		{A735B9C5-C043-4A99-A368-FD25208E4289}.Debug|iPhoneSimulator.Deploy.0 = Debug|iPhoneSimulator
		{A735B9C5-C043-4A99-A368-FD25208E4289}.Release|Any CPU.ActiveCfg = Release|iPhone
		{A735B9C5-C043-4A99-A368-FD25208E4289}.Release|Any CPU.Build.0 = Release|iPhone
		{A735B9C5-C043-4A99-A368-FD25208E4289}.Release|Any CPU.Deploy.0 = Release|iPhone
		{A735B9C5-C043-4A99-A368-FD25208E4289}.Release|iPhone.ActiveCfg = Release|iPhone
		{A735B9C5-C043-4A99-A368-FD25208E4289}.Release|iPhone.Build.0 = Release|iPhone
		{A735B9C5-C043-4A99-A368-FD25208E4289}.Release|iPhone.Deploy.0 = Release|iPhone
		{A735B9C5-C043-4A99-A368-FD25208E4289}.Release|iPhoneSimulator.ActiveCfg = Release|iPhoneSimulator
		{A735B9C5-C043-4A99-A368-FD25208E4289}.Release|iPhoneSimulator.Build.0 = Release|iPhoneSimulator
		{A735B9C5-C043-4A99-A368-FD25208E4289}.Release|iPhoneSimulator.Deploy.0 = Release|iPhoneSimulator
		{794D3599-F399-44C1-99CA-196FA59A2E7C}.Ad-Hoc|Any CPU.ActiveCfg = Debug|Any CPU
		{794D3599-F399-44C1-99CA-196FA59A2E7C}.Ad-Hoc|Any CPU.Build.0 = Debug|Any CPU
		{794D3599-F399-44C1-99CA-196FA59A2E7C}.Ad-Hoc|Any CPU.Deploy.0 = Debug|Any CPU
		{794D3599-F399-44C1-99CA-196FA59A2E7C}.Ad-Hoc|iPhone.ActiveCfg = Debug|Any CPU
		{794D3599-F399-44C1-99CA-196FA59A2E7C}.Ad-Hoc|iPhone.Build.0 = Debug|Any CPU
		{794D3599-F399-44C1-99CA-196FA59A2E7C}.Ad-Hoc|iPhone.Deploy.0 = Debug|Any CPU
		{794D3599-F399-44C1-99CA-196FA59A2E7C}.Ad-Hoc|iPhoneSimulator.ActiveCfg = Debug|Any CPU
		{794D3599-F399-44C1-99CA-196FA59A2E7C}.Ad-Hoc|iPhoneSimulator.Build.0 = Debug|Any CPU
		{794D3599-F399-44C1-99CA-196FA59A2E7C}.Ad-Hoc|iPhoneSimulator.Deploy.0 = Debug|Any CPU
		{794D3599-F399-44C1-99CA-196FA59A2E7C}.AppStore|Any CPU.ActiveCfg = Debug|Any CPU
		{794D3599-F399-44C1-99CA-196FA59A2E7C}.AppStore|Any CPU.Build.0 = Debug|Any CPU
		{794D3599-F399-44C1-99CA-196FA59A2E7C}.AppStore|Any CPU.Deploy.0 = Debug|Any CPU
		{794D3599-F399-44C1-99CA-196FA59A2E7C}.AppStore|iPhone.ActiveCfg = Debug|Any CPU
		{794D3599-F399-44C1-99CA-196FA59A2E7C}.AppStore|iPhone.Build.0 = Debug|Any CPU
		{794D3599-F399-44C1-99CA-196FA59A2E7C}.AppStore|iPhone.Deploy.0 = Debug|Any CPU
		{794D3599-F399-44C1-99CA-196FA59A2E7C}.AppStore|iPhoneSimulator.ActiveCfg = Debug|Any CPU
		{794D3599-F399-44C1-99CA-196FA59A2E7C}.AppStore|iPhoneSimulator.Build.0 = Debug|Any CPU
		{794D3599-F399-44C1-99CA-196FA59A2E7C}.AppStore|iPhoneSimulator.Deploy.0 = Debug|Any CPU
		{794D3599-F399-44C1-99CA-196FA59A2E7C}.Debug|Any CPU.ActiveCfg = Debug|Any CPU
		{794D3599-F399-44C1-99CA-196FA59A2E7C}.Debug|Any CPU.Build.0 = Debug|Any CPU
		{794D3599-F399-44C1-99CA-196FA59A2E7C}.Debug|Any CPU.Deploy.0 = Debug|Any CPU
		{794D3599-F399-44C1-99CA-196FA59A2E7C}.Debug|iPhone.ActiveCfg = Debug|Any CPU
		{794D3599-F399-44C1-99CA-196FA59A2E7C}.Debug|iPhone.Build.0 = Debug|Any CPU
		{794D3599-F399-44C1-99CA-196FA59A2E7C}.Debug|iPhone.Deploy.0 = Debug|Any CPU
		{794D3599-F399-44C1-99CA-196FA59A2E7C}.Debug|iPhoneSimulator.ActiveCfg = Debug|Any CPU
		{794D3599-F399-44C1-99CA-196FA59A2E7C}.Debug|iPhoneSimulator.Build.0 = Debug|Any CPU
		{794D3599-F399-44C1-99CA-196FA59A2E7C}.Debug|iPhoneSimulator.Deploy.0 = Debug|Any CPU
		{794D3599-F399-44C1-99CA-196FA59A2E7C}.Release|Any CPU.ActiveCfg = Release|Any CPU
		{794D3599-F399-44C1-99CA-196FA59A2E7C}.Release|Any CPU.Build.0 = Release|Any CPU
		{794D3599-F399-44C1-99CA-196FA59A2E7C}.Release|Any CPU.Deploy.0 = Release|Any CPU
		{794D3599-F399-44C1-99CA-196FA59A2E7C}.Release|iPhone.ActiveCfg = Release|Any CPU
		{794D3599-F399-44C1-99CA-196FA59A2E7C}.Release|iPhone.Build.0 = Release|Any CPU
		{794D3599-F399-44C1-99CA-196FA59A2E7C}.Release|iPhone.Deploy.0 = Release|Any CPU
		{794D3599-F399-44C1-99CA-196FA59A2E7C}.Release|iPhoneSimulator.ActiveCfg = Release|Any CPU
		{794D3599-F399-44C1-99CA-196FA59A2E7C}.Release|iPhoneSimulator.Build.0 = Release|Any CPU
		{794D3599-F399-44C1-99CA-196FA59A2E7C}.Release|iPhoneSimulator.Deploy.0 = Release|Any CPU
	EndGlobalSection
	GlobalSection(SolutionProperties) = preSolution
		HideSolutionNode = FALSE
	EndGlobalSection
	GlobalSection(ExtensibilityGlobals) = postSolution
		SolutionGuid = {F18C33D7-756F-424D-ACC0-CEC3493C331E}
	EndGlobalSection
EndGlobal
